
Microsoft Visual Studio Solution File, Format Version 12.00
# Visual Studio Version 16
VisualStudioVersion = 16.0.29728.190
MinimumVisualStudioVersion = 10.0.40219.1
Project("{FAE04EC0-301F-11D3-BF4B-00C04F79EFBC}") = "assn2-cps", "assn2-cps\assn2-cps.csproj", "{9EEA32A1-87FC-485C-8D54-E94C670873DE}"
EndProject
Global
	GlobalSection(SolutionConfigurationPlatforms) = preSolution
		Debug|Any CPU = Debug|Any CPU
		Release|Any CPU = Release|Any CPU
	EndGlobalSection
	GlobalSection(ProjectConfigurationPlatforms) = postSolution
		{9EEA32A1-87FC-485C-8D54-E94C670873DE}.Debug|Any CPU.ActiveCfg = Debug|Any CPU
		{9EEA32A1-87FC-485C-8D54-E94C670873DE}.Debug|Any CPU.Build.0 = Debug|Any CPU
		{9EEA32A1-87FC-485C-8D54-E94C670873DE}.Release|Any CPU.ActiveCfg = Release|Any CPU
		{9EEA32A1-87FC-485C-8D54-E94C670873DE}.Release|Any CPU.Build.0 = Release|Any CPU
	EndGlobalSection
	GlobalSection(SolutionProperties) = preSolution
		HideSolutionNode = FALSE
	EndGlobalSection
	GlobalSection(ExtensibilityGlobals) = postSolution
		SolutionGuid = {C3FE1E9D-8183-420D-8CF6-5EBD75E67340}
	EndGlobalSection
EndGlobal
